<?xml version="1.0" encoding="utf-8"?>
<Project ToolsVersion="4.0" xmlns="http://schemas.microsoft.com/developer/msbuild/2003">
  <ItemGroup>
    <Filter Include="Source Files">
      <UniqueIdentifier>{4FC737F1-C7A5-4376-A066-2A32D752A2FF}</UniqueIdentifier>
      <Extensions>cpp;c;cc;cxx;c++;cppm;ixx;def;odl;idl;hpj;bat;asm;asmx</Extensions>
    </Filter>
    <Filter Include="Header Files">
      <UniqueIdentifier>{93995380-89BD-4b04-88EB-625FBE52EBFB}</UniqueIdentifier>
      <Extensions>h;hh;hpp;hxx;h++;hm;inl;inc;ipp;xsd</Extensions>
    </Filter>
    <Filter Include="Resource Files">
      <UniqueIdentifier>{67DA6AB6-F800-4c08-8B7A-83BB121AAD01}</UniqueIdentifier>
      <Extensions>rc;ico;cur;bmp;dlg;rc2;rct;bin;rgs;gif;jpg;jpeg;jpe;resx;tiff;tif;png;wav;mfcribbon-ms</Extensions>
    </Filter>
  </ItemGroup>
  <ItemGroup>
    <ClCompile Include="main.cpp">
      <Filter>Source Files</Filter>
    </ClCompile>
    <ClCompile Include="ImGui\imgui_widgets.cpp">
      <Filter>Source Files</Filter>
    </ClCompile>
    <ClCompile Include="ImGui\imgui.cpp">
      <Filter>Source Files</Filter>
    </ClCompile>
    <ClCompile Include="ImGui\imgui_draw.cpp">
      <Filter>Source Files</Filter>
    </ClCompile>
    <ClCompile Include="ImGui\imgui_tables.cpp">
      <Filter>Source Files</Filter>
    </ClCompile>
    <ClCompile Include="ImGui\backends\imgui_impl_sdl3.cpp">
      <Filter>Source Files</Filter>
    </ClCompile>
    <ClCompile Include="ImGui\backends\imgui_impl_sdlrenderer3.cpp">
      <Filter>Source Files</Filter>
    </ClCompile>
    <ClCompile Include="src\algorithms\KMC.cpp">
      <Filter>Source Files</Filter>
    </ClCompile>
    <ClCompile Include="devbin\kmcbin.cpp">
      <Filter>Source Files</Filter>
    </ClCompile>
    <ClCompile Include="src\algorithms\KNN.cpp">
      <Filter>Source Files</Filter>
    </ClCompile>
    <ClCompile Include="devbin\knnbin.cpp">
      <Filter>Source Files</Filter>
    </ClCompile>
    <ClCompile Include="devbin\kmcknn.cpp">
      <Filter>Source Files</Filter>
    </ClCompile>
    <ClCompile Include="src\applications\algolab.cpp">
      <Filter>Source Files</Filter>
    </ClCompile>
    <ClCompile Include="src\applications\kmcapp.cpp">
      <Filter>Source Files</Filter>
    </ClCompile>
    <ClCompile Include="tinyfiledialogs\tinyfiledialogs.c">
      <Filter>Source Files</Filter>
    </ClCompile>
    <ClCompile Include="src\utilities\csv.cpp">
      <Filter>Source Files</Filter>
    </ClCompile>
    <ClCompile Include="devbin\filedialogandcsvbin.cpp">
      <Filter>Source Files</Filter>
    </ClCompile>
    <ClCompile Include="src\applications\knnapp.cpp">
      <Filter>Source Files</Filter>
    </ClCompile>
    <ClCompile Include="src\algorithms\LinearRegression.cpp">
      <Filter>Source Files</Filter>
    </ClCompile>
    <ClCompile Include="src\applications\linearregressionapp.cpp">
      <Filter>Source Files</Filter>
    </ClCompile>
  </ItemGroup>
  <ItemGroup>
    <ClInclude Include="ImGui\backends\imgui_impl_sdlrenderer3.h">
      <Filter>Header Files</Filter>
    </ClInclude>
    <ClInclude Include="ImGui\backends\imgui_impl_sdl3.h">
      <Filter>Header Files</Filter>
    </ClInclude>
    <ClInclude Include="include\algorithms\KMC.h">
      <Filter>Header Files</Filter>
    </ClInclude>
    <ClInclude Include="include\utilities\point.h">
      <Filter>Header Files</Filter>
    </ClInclude>
    <ClInclude Include="include\utilities\centroid.h">
      <Filter>Header Files</Filter>
    </ClInclude>
    <ClInclude Include="include\utilities\utils.h">
      <Filter>Header Files</Filter>
    </ClInclude>
    <ClInclude Include="include\algorithms\KNN.h">
      <Filter>Header Files</Filter>
    </ClInclude>
    <ClInclude Include="include\utilities\attribute.h">
      <Filter>Header Files</Filter>
    </ClInclude>
    <ClInclude Include="include\applications\algolab.h">
      <Filter>Header Files</Filter>
    </ClInclude>
    <ClInclude Include="include\applications\kmcapp.h">
      <Filter>Header Files</Filter>
    </ClInclude>
    <ClInclude Include="include\applications\knnapp.h">
      <Filter>Header Files</Filter>
    </ClInclude>
    <ClInclude Include="include\utilities\csvreader.h">
      <Filter>Header Files</Filter>
    </ClInclude>
    <ClInclude Include="include\utilities\csvmap.h">
      <Filter>Header Files</Filter>
    </ClInclude>
    <ClInclude Include="include\utilities\csv.h">
      <Filter>Header Files</Filter>
    </ClInclude>
    <ClInclude Include="include\utilities\selecttype.h">
      <Filter>Header Files</Filter>
    </ClInclude>
    <ClInclude Include="include\algorithms\LinearRegression.h">
      <Filter>Header Files</Filter>
    </ClInclude>
    <ClInclude Include="include\applications\linearregressionapp.h">
      <Filter>Header Files</Filter>
    </ClInclude>
  </ItemGroup>
</Project>